// !$*UTF8*$!
{
	archiveVersion = 1;
	classes = {
	};
	objectVersion = 50;
	objects = {

/* Begin PBXBuildFile section */
		F2B80D07261E48D800DFAECB /* AppDelegate.swift in Sources */ = {isa = PBXBuildFile; fileRef = F2B80D06261E48D800DFAECB /* AppDelegate.swift */; };
		F2B80D09261E48D800DFAECB /* SceneDelegate.swift in Sources */ = {isa = PBXBuildFile; fileRef = F2B80D08261E48D800DFAECB /* SceneDelegate.swift */; };
		F2B80D0B261E48D800DFAECB /* ViewController.swift in Sources */ = {isa = PBXBuildFile; fileRef = F2B80D0A261E48D800DFAECB /* ViewController.swift */; };
		F2B80D0E261E48D800DFAECB /* Main.storyboard in Resources */ = {isa = PBXBuildFile; fileRef = F2B80D0C261E48D800DFAECB /* Main.storyboard */; };
		F2B80D10261E48DB00DFAECB /* Assets.xcassets in Resources */ = {isa = PBXBuildFile; fileRef = F2B80D0F261E48DB00DFAECB /* Assets.xcassets */; };
		F2B80D13261E48DB00DFAECB /* LaunchScreen.storyboard in Resources */ = {isa = PBXBuildFile; fileRef = F2B80D11261E48DB00DFAECB /* LaunchScreen.storyboard */; };
		F2B80D1C261E52DC00DFAECB /* musicVC.swift in Sources */ = {isa = PBXBuildFile; fileRef = F2B80D1B261E52DC00DFAECB /* musicVC.swift */; };
/* End PBXBuildFile section */

/* Begin PBXFileReference section */
		F2B80D03261E48D800DFAECB /* TabDemo.app */ = {isa = PBXFileReference; explicitFileType = wrapper.application; includeInIndex = 0; path = TabDemo.app; sourceTree = BUILT_PRODUCTS_DIR; };
		F2B80D06261E48D800DFAECB /* AppDelegate.swift */ = {isa = PBXFileReference; lastKnownFileType = sourcecode.swift; path = AppDelegate.swift; sourceTree = "<group>"; };
		F2B80D08261E48D800DFAECB /* SceneDelegate.swift */ = {isa = PBXFileReference; lastKnownFileType = sourcecode.swift; path = SceneDelegate.swift; sourceTree = "<group>"; };
		F2B80D0A261E48D800DFAECB /* ViewController.swift */ = {isa = PBXFileReference; lastKnownFileType = sourcecode.swift; path = ViewController.swift; sourceTree = "<group>"; };
		F2B80D0D261E48D800DFAECB /* Base */ = {isa = PBXFileReference; lastKnownFileType = file.storyboard; name = Base; path = Base.lproj/Main.storyboard; sourceTree = "<group>"; };
		F2B80D0F261E48DB00DFAECB /* Assets.xcassets */ = {isa = PBXFileReference; lastKnownFileType = folder.assetcatalog; path = Assets.xcassets; sourceTree = "<group>"; };
		F2B80D12261E48DB00DFAECB /* Base */ = {isa = PBXFileReference; lastKnownFileType = file.storyboard; name = Base; path = Base.lproj/LaunchScreen.storyboard; sourceTree = "<group>"; };
		F2B80D14261E48DB00DFAECB /* Info.plist */ = {isa = PBXFileReference; lastKnownFileType = text.plist.xml; path = Info.plist; sourceTree = "<group>"; };
		F2B80D1B261E52DC00DFAECB /* musicVC.swift */ = {isa = PBXFileReference; lastKnownFileType = sourcecode.swift; path = musicVC.swift; sourceTree = "<group>"; };
/* End PBXFileReference section */

/* Begin PBXFrameworksBuildPhase section */
		F2B80D00261E48D800DFAECB /* Frameworks */ = {
			isa = PBXFrameworksBuildPhase;
			buildActionMask = 2147483647;
			files = (
			);
			runOnlyForDeploymentPostprocessing = 0;
		};
/* End PBXFrameworksBuildPhase section */

/* Begin PBXGroup section */
		F2B80CFA261E48D800DFAECB = {
			isa = PBXGroup;
			children = (
				F2B80D05261E48D800DFAECB /* TabDemo */,
				F2B80D04261E48D800DFAECB /* Products */,
			);
			sourceTree = "<group>";
		};
		F2B80D04261E48D800DFAECB /* Products */ = {
			isa = PBXGroup;
			children = (
				F2B80D03261E48D800DFAECB /* TabDemo.app */,
			);
			name = Products;
			sourceTree = "<group>";
		};
		F2B80D05261E48D800DFAECB /* TabDemo */ = {
			isa = PBXGroup;
			children = (
				F2B80D06261E48D800DFAECB /* AppDelegate.swift */,
				F2B80D08261E48D800DFAECB /* SceneDelegate.swift */,
				F2B80D0A261E48D800DFAECB /* ViewController.swift */,
				F2B80D0C261E48D800DFAECB /* Main.storyboard */,
				F2B80D0F261E48DB00DFAECB /* Assets.xcassets */,
				F2B80D11261E48DB00DFAECB /* LaunchScreen.storyboard */,
				F2B80D14261E48DB00DFAECB /* Info.plist */,
				F2B80D1B261E52DC00DFAECB /* musicVC.swift */,
			);
			path = TabDemo;
			sourceTree = "<group>";
		};
/* End PBXGroup section */

/* Begin PBXNativeTarget section */
		F2B80D02261E48D800DFAECB /* TabDemo */ = {
			isa = PBXNativeTarget;
			buildConfigurationList = F2B80D17261E48DB00DFAECB /* Build configuration list for PBXNativeTarget "TabDemo" */;
			buildPhases = (
				F2B80CFF261E48D800DFAECB /* Sources */,
				F2B80D00261E48D800DFAECB /* Frameworks */,
				F2B80D01261E48D800DFAECB /* Resources */,
			);
			buildRules = (
			);
			dependencies = (
			);
			name = TabDemo;
			productName = TabDemo;
			productReference = F2B80D03261E48D800DFAECB /* TabDemo.app */;
			productType = "com.apple.product-type.application";
		};
/* End PBXNativeTarget section */

/* Begin PBXProject section */
		F2B80CFB261E48D800DFAECB /* Project object */ = {
			isa = PBXProject;
			attributes = {
				LastSwiftUpdateCheck = 1240;
				LastUpgradeCheck = 1240;
				TargetAttributes = {
					F2B80D02261E48D800DFAECB = {
						CreatedOnToolsVersion = 12.4;
					};
				};
			};
			buildConfigurationList = F2B80CFE261E48D800DFAECB /* Build configuration list for PBXProject "TabDemo" */;
			compatibilityVersion = "Xcode 9.3";
			developmentRegion = en;
			hasScannedForEncodings = 0;
			knownRegions = (
				en,
				Base,
			);
			mainGroup = F2B80CFA261E48D800DFAECB;
			productRefGroup = F2B80D04261E48D800DFAECB /* Products */;
			projectDirPath = "";
			projectRoot = "";
			targets = (
				F2B80D02261E48D800DFAECB /* TabDemo */,
			);
		};
/* End PBXProject section */

/* Begin PBXResourcesBuildPhase section */
		F2B80D01261E48D800DFAECB /* Resources */ = {
			isa = PBXResourcesBuildPhase;
			buildActionMask = 2147483647;
			files = (
				F2B80D13261E48DB00DFAECB /* LaunchScreen.storyboard in Resources */,
				F2B80D10261E48DB00DFAECB /* Assets.xcassets in Resources */,
				F2B80D0E261E48D800DFAECB /* Main.storyboard in Resources */,
			);
			runOnlyForDeploymentPostprocessing = 0;
		};
/* End PBXResourcesBuildPhase section */

/* Begin PBXSourcesBuildPhase section */
		F2B80CFF261E48D800DFAECB /* Sources */ = {
			isa = PBXSourcesBuildPhase;
			buildActionMask = 2147483647;
			files = (
				F2B80D0B261E48D800DFAECB /* ViewController.swift in Sources */,
				F2B80D07261E48D800DFAECB /* AppDelegate.swift in Sources */,
				F2B80D1C261E52DC00DFAECB /* musicVC.swift in Sources */,
				F2B80D09261E48D800DFAECB /* SceneDelegate.swift in Sources */,
			);
			runOnlyForDeploymentPostprocessing = 0;
		};
/* End PBXSourcesBuildPhase section */

/* Begin PBXVariantGroup section */
		F2B80D0C261E48D800DFAECB /* Main.storyboard */ = {
			isa = PBXVariantGroup;
			children = (
				F2B80D0D261E48D800DFAECB /* Base */,
			);
			name = Main.storyboard;
			sourceTree = "<group>";
		};
		F2B80D11261E48DB00DFAECB /* LaunchScreen.storyboard */ = {
			isa = PBXVariantGroup;
			children = (
				F2B80D12261E48DB00DFAECB /* Base */,
			);
			name = LaunchScreen.storyboard;
			sourceTree = "<group>";
		};
/* End PBXVariantGroup section */

/* Begin XCBuildConfiguration section */
		F2B80D15261E48DB00DFAECB /* Debug */ = {
			isa = XCBuildConfiguration;
			buildSettings = {
				ALWAYS_SEARCH_USER_PATHS = NO;
				CLANG_ANALYZER_NONNULL = YES;
				CLANG_ANALYZER_NUMBER_OBJECT_CONVERSION = YES_AGGRESSIVE;
				CLANG_CXX_LANGUAGE_STANDARD = "gnu++14";
				CLANG_CXX_LIBRARY = "libc++";
				CLANG_ENABLE_MODULES = YES;
				CLANG_ENABLE_OBJC_ARC = YES;
				CLANG_ENABLE_OBJC_WEAK = YES;
				CLANG_WARN_BLOCK_CAPTURE_AUTORELEASING = YES;
				CLANG_WARN_BOOL_CONVERSION = YES;
				CLANG_WARN_COMMA = YES;
				CLANG_WARN_CONSTANT_CONVERSION = YES;
				CLANG_WARN_DEPRECATED_OBJC_IMPLEMENTATIONS = YES;
				CLANG_WARN_DIRECT_OBJC_ISA_USAGE = YES_ERROR;
				CLANG_WARN_DOCUMENTATION_COMMENTS = YES;
				CLANG_WARN_EMPTY_BODY = YES;
				CLANG_WARN_ENUM_CONVERSION = YES;
				CLANG_WARN_INFINITE_RECURSION = YES;
				CLANG_WARN_INT_CONVERSION = YES;
				CLANG_WARN_NON_LITERAL_NULL_CONVERSION = YES;
				CLANG_WARN_OBJC_IMPLICIT_RETAIN_SELF = YES;
				CLANG_WARN_OBJC_LITERAL_CONVERSION = YES;
				CLANG_WARN_OBJC_ROOT_CLASS = YES_ERROR;
				CLANG_WARN_QUOTED_INCLUDE_IN_FRAMEWORK_HEADER = YES;
				CLANG_WARN_RANGE_LOOP_ANALYSIS = YES;
				CLANG_WARN_STRICT_PROTOTYPES = YES;
				CLANG_WARN_SUSPICIOUS_MOVE = YES;
				CLANG_WARN_UNGUARDED_AVAILABILITY = YES_AGGRESSIVE;
				CLANG_WARN_UNREACHABLE_CODE = YES;
				CLANG_WARN__DUPLICATE_METHOD_MATCH = YES;
				COPY_PHASE_STRIP = NO;
				DEBUG_INFORMATION_FORMAT = dwarf;
				ENABLE_STRICT_OBJC_MSGSEND = YES;
				ENABLE_TESTABILITY = YES;
				GCC_C_LANGUAGE_STANDARD = gnu11;
				GCC_DYNAMIC_NO_PIC = NO;
				GCC_NO_COMMON_BLOCKS = YES;
				GCC_OPTIMIZATION_LEVEL = 0;
				GCC_PREPROCESSOR_DEFINITIONS = (
					"DEBUG=1",
					"$(inherited)",
				);
				GCC_WARN_64_TO_32_BIT_CONVERSION = YES;
				GCC_WARN_ABOUT_RETURN_TYPE = YES_ERROR;
				GCC_WARN_UNDECLARED_SELECTOR = YES;
				GCC_WARN_UNINITIALIZED_AUTOS = YES_AGGRESSIVE;
				GCC_WARN_UNUSED_FUNCTION = YES;
				GCC_WARN_UNUSED_VARIABLE = YES;
				IPHONEOS_DEPLOYMENT_TARGET = 14.4;
				MTL_ENABLE_DEBUG_INFO = INCLUDE_SOURCE;
				MTL_FAST_MATH = YES;
				ONLY_ACTIVE_ARCH = YES;
				SDKROOT = iphoneos;
				SWIFT_ACTIVE_COMPILATION_CONDITIONS = DEBUG;
				SWIFT_OPTIMIZATION_LEVEL = "-Onone";
			};
			name = Debug;
		};
		F2B80D16261E48DB00DFAECB /* Release */ = {
			isa = XCBuildConfiguration;
			buildSettings = {
				ALWAYS_SEARCH_USER_PATHS = NO;
				CLANG_ANALYZER_NONNULL = YES;
				CLANG_ANALYZER_NUMBER_OBJECT_CONVERSION = YES_AGGRESSIVE;
				CLANG_CXX_LANGUAGE_STANDARD = "gnu++14";
				CLANG_CXX_LIBRARY = "libc++";
				CLANG_ENABLE_MODULES = YES;
				CLANG_ENABLE_OBJC_ARC = YES;
				CLANG_ENABLE_OBJC_WEAK = YES;
				CLANG_WARN_BLOCK_CAPTURE_AUTORELEASING = YES;
				CLANG_WARN_BOOL_CONVERSION = YES;
				CLANG_WARN_COMMA = YES;
				CLANG_WARN_CONSTANT_CONVERSION = YES;
				CLANG_WARN_DEPRECATED_OBJC_IMPLEMENTATIONS = YES;
				CLANG_WARN_DIRECT_OBJC_ISA_USAGE = YES_ERROR;
				CLANG_WARN_DOCUMENTATION_COMMENTS = YES;
				CLANG_WARN_EMPTY_BODY = YES;
				CLANG_WARN_ENUM_CONVERSION = YES;
				CLANG_WARN_INFINITE_RECURSION = YES;
				CLANG_WARN_INT_CONVERSION = YES;
				CLANG_WARN_NON_LITERAL_NULL_CONVERSION = YES;
				CLANG_WARN_OBJC_IMPLICIT_RETAIN_SELF = YES;
				CLANG_WARN_OBJC_LITERAL_CONVERSION = YES;
				CLANG_WARN_OBJC_ROOT_CLASS = YES_ERROR;
				CLANG_WARN_QUOTED_INCLUDE_IN_FRAMEWORK_HEADER = YES;
				CLANG_WARN_RANGE_LOOP_ANALYSIS = YES;
				CLANG_WARN_STRICT_PROTOTYPES = YES;
				CLANG_WARN_SUSPICIOUS_MOVE = YES;
				CLANG_WARN_UNGUARDED_AVAILABILITY = YES_AGGRESSIVE;
				CLANG_WARN_UNREACHABLE_CODE = YES;
				CLANG_WARN__DUPLICATE_METHOD_MATCH = YES;
				COPY_PHASE_STRIP = NO;
				DEBUG_INFORMATION_FORMAT = "dwarf-with-dsym";
				ENABLE_NS_ASSERTIONS = NO;
				ENABLE_STRICT_OBJC_MSGSEND = YES;
				GCC_C_LANGUAGE_STANDARD = gnu11;
				GCC_NO_COMMON_BLOCKS = YES;
				GCC_WARN_64_TO_32_BIT_CONVERSION = YES;
				GCC_WARN_ABOUT_RETURN_TYPE = YES_ERROR;
				GCC_WARN_UNDECLARED_SELECTOR = YES;
				GCC_WARN_UNINITIALIZED_AUTOS = YES_AGGRESSIVE;
				GCC_WARN_UNUSED_FUNCTION = YES;
				GCC_WARN_UNUSED_VARIABLE = YES;
				IPHONEOS_DEPLOYMENT_TARGET = 14.4;
				MTL_ENABLE_DEBUG_INFO = NO;
				MTL_FAST_MATH = YES;
				SDKROOT = iphoneos;
				SWIFT_COMPILATION_MODE = wholemodule;
				SWIFT_OPTIMIZATION_LEVEL = "-O";
				VALIDATE_PRODUCT = YES;
			};
			name = Release;
		};
		F2B80D18261E48DB00DFAECB /* Debug */ = {
			isa = XCBuildConfiguration;
			buildSettings = {
				ASSETCATALOG_COMPILER_APPICON_NAME = AppIcon;
				ASSETCATALOG_COMPILER_GLOBAL_ACCENT_COLOR_NAME = AccentColor;
				CODE_SIGN_STYLE = Automatic;
				INFOPLIST_FILE = TabDemo/Info.plist;
				LD_RUNPATH_SEARCH_PATHS = (
					"$(inherited)",
					"@executable_path/Frameworks",
				);
				PRODUCT_BUNDLE_IDENTIFIER = chiefdom.TabDemo;
				PRODUCT_NAME = "$(TARGET_NAME)";
				SWIFT_VERSION = 5.0;
				TARGETED_DEVICE_FAMILY = "1,2";
			};
			name = Debug;
		};
		F2B80D19261E48DB00DFAECB /* Release */ = {
			isa = XCBuildConfiguration;
			buildSettings = {
				ASSETCATALOG_COMPILER_APPICON_NAME = AppIcon;
				ASSETCATALOG_COMPILER_GLOBAL_ACCENT_COLOR_NAME = AccentColor;
				CODE_SIGN_STYLE = Automatic;
				INFOPLIST_FILE = TabDemo/Info.plist;
				LD_RUNPATH_SEARCH_PATHS = (
					"$(inherited)",
					"@executable_path/Frameworks",
				);
				PRODUCT_BUNDLE_IDENTIFIER = chiefdom.TabDemo;
				PRODUCT_NAME = "$(TARGET_NAME)";
				SWIFT_VERSION = 5.0;
				TARGETED_DEVICE_FAMILY = "1,2";
			};
			name = Release;
		};
/* End XCBuildConfiguration section */

/* Begin XCConfigurationList section */
		F2B80CFE261E48D800DFAECB /* Build configuration list for PBXProject "TabDemo" */ = {
			isa = XCConfigurationList;
			buildConfigurations = (
				F2B80D15261E48DB00DFAECB /* Debug */,
				F2B80D16261E48DB00DFAECB /* Release */,
			);
			defaultConfigurationIsVisible = 0;
			defaultConfigurationName = Release;
		};
		F2B80D17261E48DB00DFAECB /* Build configuration list for PBXNativeTarget "TabDemo" */ = {
			isa = XCConfigurationList;
			buildConfigurations = (
				F2B80D18261E48DB00DFAECB /* Debug */,
				F2B80D19261E48DB00DFAECB /* Release */,
			);
			defaultConfigurationIsVisible = 0;
			defaultConfigurationName = Release;
		};
/* End XCConfigurationList section */
	};
	rootObject = F2B80CFB261E48D800DFAECB /* Project object */;
}
